
Microsoft Visual Studio Solution File, Format Version 12.00
# Visual Studio Version 17
VisualStudioVersion = 17.13.35818.85 d17.13
MinimumVisualStudioVersion = 10.0.40219.1
Project("{FAE04EC0-301F-11D3-BF4B-00C04F79EFBC}") = "TaskManagerMaui", "TaskManagerMaui\TaskManagerMaui.csproj", "{6DF2C27B-82D6-44C1-B035-F446EEC0A0D6}"
EndProject
Project("{FAE04EC0-301F-11D3-BF4B-00C04F79EFBC}") = "TaskManagerAPI", "TaskManagerAPI\TaskManagerAPI.csproj", "{D558EB82-2044-416E-A43F-98867508FC0F}"
EndProject
Global
	GlobalSection(SolutionConfigurationPlatforms) = preSolution
		Debug|Any CPU = Debug|Any CPU
		Release|Any CPU = Release|Any CPU
	EndGlobalSection
	GlobalSection(ProjectConfigurationPlatforms) = postSolution
		{6DF2C27B-82D6-44C1-B035-F446EEC0A0D6}.Debug|Any CPU.ActiveCfg = Debug|Any CPU
		{6DF2C27B-82D6-44C1-B035-F446EEC0A0D6}.Debug|Any CPU.Build.0 = Debug|Any CPU
		{6DF2C27B-82D6-44C1-B035-F446EEC0A0D6}.Release|Any CPU.ActiveCfg = Release|Any CPU
		{6DF2C27B-82D6-44C1-B035-F446EEC0A0D6}.Release|Any CPU.Build.0 = Release|Any CPU
		{D558EB82-2044-416E-A43F-98867508FC0F}.Debug|Any CPU.ActiveCfg = Debug|Any CPU
		{D558EB82-2044-416E-A43F-98867508FC0F}.Debug|Any CPU.Build.0 = Debug|Any CPU
		{D558EB82-2044-416E-A43F-98867508FC0F}.Release|Any CPU.ActiveCfg = Release|Any CPU
		{D558EB82-2044-416E-A43F-98867508FC0F}.Release|Any CPU.Build.0 = Release|Any CPU
	EndGlobalSection
	GlobalSection(SolutionProperties) = preSolution
		HideSolutionNode = FALSE
	EndGlobalSection
	GlobalSection(ExtensibilityGlobals) = postSolution
		SolutionGuid = {4C945CA0-57A7-4D59-9CB1-A083A055FFC0}
	EndGlobalSection
EndGlobal
